
Microsoft Visual Studio Solution File, Format Version 12.00
# Visual Studio 15
VisualStudioVersion = 15.0.27130.2024
MinimumVisualStudioVersion = 10.0.40219.1
Project("{FAE04EC0-301F-11D3-BF4B-00C04F79EFBC}") = "Dominio", "Dominio\Dominio.csproj", "{805C2F55-D16E-4963-AE80-A0ED4C43ADD4}"
EndProject
Project("{FAE04EC0-301F-11D3-BF4B-00C04F79EFBC}") = "Proxy", "Proxy\Proxy.csproj", "{56B2CDBA-4601-4D97-A652-993DD530F9C8}"
EndProject
Project("{FAE04EC0-301F-11D3-BF4B-00C04F79EFBC}") = "Servicios", "Servicios\Servicios.csproj", "{BEDA28ED-2CBD-4A14-B502-937CD707FC87}"
EndProject
Project("{FAE04EC0-301F-11D3-BF4B-00C04F79EFBC}") = "Dependencias", "Dependencias\Dependencias.csproj", "{1BDD0624-3C63-4C5B-91C2-8A596AF07E86}"
EndProject
Project("{FAE04EC0-301F-11D3-BF4B-00C04F79EFBC}") = "Web", "Web\Web.csproj", "{88F8239E-5D2C-4773-9BA3-EE14842F41B8}"
EndProject
Project("{FAE04EC0-301F-11D3-BF4B-00C04F79EFBC}") = "Repositorio", "Repositorio\Repositorio.csproj", "{0A5998DE-734A-4955-822D-04E0F6461E30}"
EndProject
Global
	GlobalSection(SolutionConfigurationPlatforms) = preSolution
		Debug|Any CPU = Debug|Any CPU
		Release|Any CPU = Release|Any CPU
	EndGlobalSection
	GlobalSection(ProjectConfigurationPlatforms) = postSolution
		{805C2F55-D16E-4963-AE80-A0ED4C43ADD4}.Debug|Any CPU.ActiveCfg = Debug|Any CPU
		{805C2F55-D16E-4963-AE80-A0ED4C43ADD4}.Debug|Any CPU.Build.0 = Debug|Any CPU
		{805C2F55-D16E-4963-AE80-A0ED4C43ADD4}.Release|Any CPU.ActiveCfg = Release|Any CPU
		{805C2F55-D16E-4963-AE80-A0ED4C43ADD4}.Release|Any CPU.Build.0 = Release|Any CPU
		{56B2CDBA-4601-4D97-A652-993DD530F9C8}.Debug|Any CPU.ActiveCfg = Debug|Any CPU
		{56B2CDBA-4601-4D97-A652-993DD530F9C8}.Debug|Any CPU.Build.0 = Debug|Any CPU
		{56B2CDBA-4601-4D97-A652-993DD530F9C8}.Release|Any CPU.ActiveCfg = Release|Any CPU
		{56B2CDBA-4601-4D97-A652-993DD530F9C8}.Release|Any CPU.Build.0 = Release|Any CPU
		{BEDA28ED-2CBD-4A14-B502-937CD707FC87}.Debug|Any CPU.ActiveCfg = Debug|Any CPU
		{BEDA28ED-2CBD-4A14-B502-937CD707FC87}.Debug|Any CPU.Build.0 = Debug|Any CPU
		{BEDA28ED-2CBD-4A14-B502-937CD707FC87}.Release|Any CPU.ActiveCfg = Release|Any CPU
		{BEDA28ED-2CBD-4A14-B502-937CD707FC87}.Release|Any CPU.Build.0 = Release|Any CPU
		{1BDD0624-3C63-4C5B-91C2-8A596AF07E86}.Debug|Any CPU.ActiveCfg = Debug|Any CPU
		{1BDD0624-3C63-4C5B-91C2-8A596AF07E86}.Debug|Any CPU.Build.0 = Debug|Any CPU
		{1BDD0624-3C63-4C5B-91C2-8A596AF07E86}.Release|Any CPU.ActiveCfg = Release|Any CPU
		{1BDD0624-3C63-4C5B-91C2-8A596AF07E86}.Release|Any CPU.Build.0 = Release|Any CPU
		{88F8239E-5D2C-4773-9BA3-EE14842F41B8}.Debug|Any CPU.ActiveCfg = Debug|Any CPU
		{88F8239E-5D2C-4773-9BA3-EE14842F41B8}.Debug|Any CPU.Build.0 = Debug|Any CPU
		{88F8239E-5D2C-4773-9BA3-EE14842F41B8}.Release|Any CPU.ActiveCfg = Release|Any CPU
		{88F8239E-5D2C-4773-9BA3-EE14842F41B8}.Release|Any CPU.Build.0 = Release|Any CPU
		{0A5998DE-734A-4955-822D-04E0F6461E30}.Debug|Any CPU.ActiveCfg = Debug|Any CPU
		{0A5998DE-734A-4955-822D-04E0F6461E30}.Debug|Any CPU.Build.0 = Debug|Any CPU
		{0A5998DE-734A-4955-822D-04E0F6461E30}.Release|Any CPU.ActiveCfg = Release|Any CPU
		{0A5998DE-734A-4955-822D-04E0F6461E30}.Release|Any CPU.Build.0 = Release|Any CPU
	EndGlobalSection
	GlobalSection(SolutionProperties) = preSolution
		HideSolutionNode = FALSE
	EndGlobalSection
	GlobalSection(ExtensibilityGlobals) = postSolution
		SolutionGuid = {30E92322-B77E-40C5-9A59-0C941C218930}
	EndGlobalSection
EndGlobal
