
Microsoft Visual Studio Solution File, Format Version 12.00
# Visual Studio 15
VisualStudioVersion = 15.0.27130.2010
MinimumVisualStudioVersion = 10.0.40219.1
Project("{FAE04EC0-301F-11D3-BF4B-00C04F79EFBC}") = "ConsoleApp", "ConsoleApp\ConsoleApp.csproj", "{D256F29F-CA05-4248-A366-071244B4D4C7}"
EndProject
Project("{FAE04EC0-301F-11D3-BF4B-00C04F79EFBC}") = "Dominio", "Dominio\Dominio.csproj", "{805C2F55-D16E-4963-AE80-A0ED4C43ADD4}"
EndProject
Project("{FAE04EC0-301F-11D3-BF4B-00C04F79EFBC}") = "Servicios", "Servicios\Servicios.csproj", "{AFDB065C-EEAF-48C9-9B1D-7DC6CD082DD7}"
EndProject
Project("{FAE04EC0-301F-11D3-BF4B-00C04F79EFBC}") = "ConsoleAppCaminoOptimo", "ConsoleAppCaminoOptimo\ConsoleAppCaminoOptimo.csproj", "{A7CD8783-276A-4530-B740-4BEC068B4316}"
EndProject
Global
	GlobalSection(SolutionConfigurationPlatforms) = preSolution
		Debug|Any CPU = Debug|Any CPU
		Release|Any CPU = Release|Any CPU
	EndGlobalSection
	GlobalSection(ProjectConfigurationPlatforms) = postSolution
		{D256F29F-CA05-4248-A366-071244B4D4C7}.Debug|Any CPU.ActiveCfg = Debug|Any CPU
		{D256F29F-CA05-4248-A366-071244B4D4C7}.Debug|Any CPU.Build.0 = Debug|Any CPU
		{D256F29F-CA05-4248-A366-071244B4D4C7}.Release|Any CPU.ActiveCfg = Release|Any CPU
		{D256F29F-CA05-4248-A366-071244B4D4C7}.Release|Any CPU.Build.0 = Release|Any CPU
		{805C2F55-D16E-4963-AE80-A0ED4C43ADD4}.Debug|Any CPU.ActiveCfg = Debug|Any CPU
		{805C2F55-D16E-4963-AE80-A0ED4C43ADD4}.Debug|Any CPU.Build.0 = Debug|Any CPU
		{805C2F55-D16E-4963-AE80-A0ED4C43ADD4}.Release|Any CPU.ActiveCfg = Release|Any CPU
		{805C2F55-D16E-4963-AE80-A0ED4C43ADD4}.Release|Any CPU.Build.0 = Release|Any CPU
		{AFDB065C-EEAF-48C9-9B1D-7DC6CD082DD7}.Debug|Any CPU.ActiveCfg = Debug|Any CPU
		{AFDB065C-EEAF-48C9-9B1D-7DC6CD082DD7}.Debug|Any CPU.Build.0 = Debug|Any CPU
		{AFDB065C-EEAF-48C9-9B1D-7DC6CD082DD7}.Release|Any CPU.ActiveCfg = Release|Any CPU
		{AFDB065C-EEAF-48C9-9B1D-7DC6CD082DD7}.Release|Any CPU.Build.0 = Release|Any CPU
		{A7CD8783-276A-4530-B740-4BEC068B4316}.Debug|Any CPU.ActiveCfg = Debug|Any CPU
		{A7CD8783-276A-4530-B740-4BEC068B4316}.Debug|Any CPU.Build.0 = Debug|Any CPU
		{A7CD8783-276A-4530-B740-4BEC068B4316}.Release|Any CPU.ActiveCfg = Release|Any CPU
		{A7CD8783-276A-4530-B740-4BEC068B4316}.Release|Any CPU.Build.0 = Release|Any CPU
	EndGlobalSection
	GlobalSection(SolutionProperties) = preSolution
		HideSolutionNode = FALSE
	EndGlobalSection
	GlobalSection(ExtensibilityGlobals) = postSolution
		SolutionGuid = {30E92322-B77E-40C5-9A59-0C941C218930}
	EndGlobalSection
EndGlobal
